{
  "version": 1,
  "dependencies": {
    "net8.0-windows7.0": {
      "log4net": {
        "type": "Transitive",
        "resolved": "3.3.0",
        "contentHash": "wtZ7K4XGWDxeQqHbUybwIug/3AAzhKcmroLf4ENfE5GsaDIMqT3GLX24f18XPFY8Qg9vaxfMSAODwWAXqkjI/Q==",
        "dependencies": {
          "System.Configuration.ConfigurationManager": "4.5.0"
        }
      },
      "Microsoft.Extensions.Caching.Abstractions": {
        "type": "Transitive",
        "resolved": "10.0.9",
        "contentHash": "5fGxcw2vuYp8s0wio9H1ECiuk4iKSdTIlNuigdLIrkhg+5XAwgFVDB/5Ots3pfN/QhABLYXutA79JFtnUKDSHA==",
        "dependencies": {
          "Microsoft.Extensions.Primitives": "10.0.9"
        }
      },
      "Microsoft.Extensions.Caching.Memory": {
        "type": "Transitive",
        "resolved": "10.0.9",
        "contentHash": "G9mregdatGWMCQWeCw012LDeJVP7G/XIxH8Ddbjc8bD1//dA+8VVQdcRE9jI1moyoJxSSZhHITUnNQ8FUDl5+Q==",
        "dependencies": {
          "Microsoft.Extensions.Caching.Abstractions": "10.0.9",
          "Microsoft.Extensions.DependencyInjection.Abstractions": "10.0.9",
          "Microsoft.Extensions.Logging.Abstractions": "10.0.9",
          "Microsoft.Extensions.Options": "10.0.9",
          "Microsoft.Extensions.Primitives": "10.0.9"
        }
      },
      "Microsoft.Extensions.Configuration": {
        "type": "Transitive",
        "resolved": "10.0.9",
        "contentHash": "woZsWLhOQsASuxbmgiZJqiGUBNo3IjRdXC92xt8rRokza+P6/nIsnzq7sm9Or6ZYcRl2kL1ufj8HVzp1QlPTXw==",
        "dependencies": {
          "Microsoft.Extensions.Configuration.Abstractions": "10.0.9",
          "Microsoft.Extensions.Primitives": "10.0.9"
        }
      },
      "Microsoft.Extensions.Configuration.Abstractions": {
        "type": "Transitive",
        "resolved": "10.0.9",
        "contentHash": "qGhRPd3VxfLV9UqatVOiD9mAeUbj2KiMwGFYC5uXlzExiZQoe4X/hdmzGIU7BQjNLTqCnnbTHVyBglG3668/HA==",
        "dependencies": {
          "Microsoft.Extensions.Primitives": "10.0.9"
        }
      },
      "Microsoft.Extensions.Configuration.Binder": {
        "type": "Transitive",
        "resolved": "10.0.9",
        "contentHash": "Tp/+LPb70RyjjtLg9m5C959eP4KrUpJHThZfAegZVpsfmGvzfuNkuYbI/ft+LvXhMSyUcAeOPaN6rzTccwnZAg==",
        "dependencies": {
          "Microsoft.Extensions.Configuration": "10.0.9",
          "Microsoft.Extensions.Configuration.Abstractions": "10.0.9"
        }
      },
      "Microsoft.Extensions.DependencyInjection": {
        "type": "Transitive",
        "resolved": "10.0.9",
        "contentHash": "NijozhERJDIaJ4k5TSMy1jOi0cSC2HfkvRD/Sl+kGSSKgVbFnF4GxgtMN/MrzHB8D1JxIrD4xSer9Blh9v3axQ==",
        "dependencies": {
          "Microsoft.Extensions.DependencyInjection.Abstractions": "10.0.9"
        }
      },
      "Microsoft.Extensions.DependencyInjection.Abstractions": {
        "type": "Transitive",
        "resolved": "10.0.9",
        "contentHash": "g41l/30G3K4B/d/L8kjux0+30e27c8D0FVQ/PFCpbekgfDpj9mnDhieP67EqXWvl1EWNeZh2rpR4F5B/jcDOHA=="
      },
      "Microsoft.Extensions.DependencyModel": {
        "type": "Transitive",
        "resolved": "10.0.0",
        "contentHash": "RFYJR7APio/BiqdQunRq6DB+nDB6nc2qhHr77mlvZ0q0BT8PubMXN7XicmfzCbrDE/dzhBnUKBRXLTcqUiZDGg==",
        "dependencies": {
          "System.Text.Encodings.Web": "10.0.0",
          "System.Text.Json": "10.0.0"
        }
      },
      "Microsoft.Extensions.Diagnostics": {
        "type": "Transitive",
        "resolved": "10.0.9",
        "contentHash": "NLXI3PbTe39q6/sgs7JYhmfPf7bMzReUoAJ0q9Po6yhfM+0anZa7PrEva4W2SdiLWGyB9eKZS9THGt2BP40xJg==",
        "dependencies": {
          "Microsoft.Extensions.Configuration": "10.0.9",
          "Microsoft.Extensions.Diagnostics.Abstractions": "10.0.9",
          "Microsoft.Extensions.Options.ConfigurationExtensions": "10.0.9"
        }
      },
      "Microsoft.Extensions.Diagnostics.Abstractions": {
        "type": "Transitive",
        "resolved": "10.0.9",
        "contentHash": "86RgyFsmVslW4Nu28IXgt8tLglynGQrwjk/xhGZaTe8j6YIeR1Ywoc42hSHsBSl920CQdfqq2dBohZiGm3AkUA==",
        "dependencies": {
          "Microsoft.Extensions.DependencyInjection.Abstractions": "10.0.9",
          "Microsoft.Extensions.Options": "10.0.9",
          "System.Diagnostics.DiagnosticSource": "10.0.9"
        }
      },
      "Microsoft.Extensions.FileProviders.Abstractions": {
        "type": "Transitive",
        "resolved": "10.0.9",
        "contentHash": "Oxn4vqDk+EwceTMpZxVm7L/UZEAM1qIQlNP1+7tBZckD+P4SKrm/5X4gMTPCTdpnau/xY8Sb4/0d6onomSg4ZA==",
        "dependencies": {
          "Microsoft.Extensions.Primitives": "10.0.9"
        }
      },
      "Microsoft.Extensions.Hosting.Abstractions": {
        "type": "Transitive",
        "resolved": "10.0.9",
        "contentHash": "Xd/2F+uWblTiUp+ssaDZN2ea4vmnHmW6PXugmqBHumyhqVkyeh6RJ3S2Zo/F+1bXIL/KuGqe2pKv6UiGOc1KeQ==",
        "dependencies": {
          "Microsoft.Extensions.Configuration.Abstractions": "10.0.9",
          "Microsoft.Extensions.DependencyInjection.Abstractions": "10.0.9",
          "Microsoft.Extensions.Diagnostics.Abstractions": "10.0.9",
          "Microsoft.Extensions.FileProviders.Abstractions": "10.0.9",
          "Microsoft.Extensions.Logging.Abstractions": "10.0.9"
        }
      },
      "Microsoft.Extensions.Logging": {
        "type": "Transitive",
        "resolved": "10.0.9",
        "contentHash": "N7Gm9SjugYjmmnhwbBKC9DFqGqjfJvh6YfOJgtwh0AW0Xpok3dIVors1ik050XmUxKAgAc7nNngDIJyFb06K2g==",
        "dependencies": {
          "Microsoft.Extensions.DependencyInjection": "10.0.9",
          "Microsoft.Extensions.Logging.Abstractions": "10.0.9",
          "Microsoft.Extensions.Options": "10.0.9"
        }
      },
      "Microsoft.Extensions.Logging.Abstractions": {
        "type": "Transitive",
        "resolved": "10.0.9",
        "contentHash": "9S/DFt4cohlMPpzIxjG6kk0L8MuN2vDm9pbMCulxtJzzk82oJHVLBd8vuQxaPskaYQwKqmFmbannf5eoChgjYg==",
        "dependencies": {
          "Microsoft.Extensions.DependencyInjection.Abstractions": "10.0.9",
          "System.Diagnostics.DiagnosticSource": "10.0.9"
        }
      },
      "Microsoft.Extensions.Logging.Configuration": {
        "type": "Transitive",
        "resolved": "10.0.9",
        "contentHash": "bUth5ip7YsZMXWZS42IRTI0zDrPEqdE+xnsmcL0Pk784grWKApDvc5UoMi2tP2qYJ5ylFzeVDuDu08sFATq1bg==",
        "dependencies": {
          "Microsoft.Extensions.Configuration": "10.0.9",
          "Microsoft.Extensions.Configuration.Abstractions": "10.0.9",
          "Microsoft.Extensions.Configuration.Binder": "10.0.9",
          "Microsoft.Extensions.DependencyInjection.Abstractions": "10.0.9",
          "Microsoft.Extensions.Logging": "10.0.9",
          "Microsoft.Extensions.Logging.Abstractions": "10.0.9",
          "Microsoft.Extensions.Options": "10.0.9",
          "Microsoft.Extensions.Options.ConfigurationExtensions": "10.0.9"
        }
      },
      "Microsoft.Extensions.Logging.Console": {
        "type": "Transitive",
        "resolved": "10.0.9",
        "contentHash": "WyZEG/O8jKqBOBF6/M6IJqiEyWFBUv6PDyzNoXDA0mBZwKtkuf7GiZ/0/8eU8OpLKKQL0O95oPOY1szrWIKofQ==",
        "dependencies": {
          "Microsoft.Extensions.DependencyInjection.Abstractions": "10.0.9",
          "Microsoft.Extensions.Logging": "10.0.9",
          "Microsoft.Extensions.Logging.Abstractions": "10.0.9",
          "Microsoft.Extensions.Logging.Configuration": "10.0.9",
          "Microsoft.Extensions.Options": "10.0.9",
          "System.Text.Json": "10.0.9"
        }
      },
      "Microsoft.Extensions.Logging.Log4Net.AspNetCore": {
        "type": "Transitive",
        "resolved": "10.0.0",
        "contentHash": "ASXCV+/IuxGCiXjRnrdL1waRKaCDcxkdL1U2yqteJzGcyXN+qLf6wTLBR12sQIhK36d1um6P55AaWqlXf+X0xg==",
        "dependencies": {
          "Microsoft.Extensions.Configuration": "8.0.0",
          "Microsoft.Extensions.Configuration.Abstractions": "8.0.0",
          "Microsoft.Extensions.Configuration.Binder": "8.0.0",
          "Microsoft.Extensions.Logging": "8.0.0",
          "log4net": "3.3.0"
        }
      },
      "Microsoft.Extensions.Options": {
        "type": "Transitive",
        "resolved": "10.0.9",
        "contentHash": "hyNdX4c2UwkRkzb9byw0H2DQkRzwBM3mzY2sCM9egwzTyg8dvQJmp5noQHGEaaCORQrNK3DD2gREBsc2DlXS4A==",
        "dependencies": {
          "Microsoft.Extensions.DependencyInjection.Abstractions": "10.0.9",
          "Microsoft.Extensions.Primitives": "10.0.9"
        }
      },
      "Microsoft.Extensions.Options.ConfigurationExtensions": {
        "type": "Transitive",
        "resolved": "10.0.9",
        "contentHash": "Y4E24zffF/aPS0igNvY6ZzAQfbxd6AYdC9L4brnH+uK0yYYHIR6FeGVQVVjAOo8wub1EQDl2B90lCcpqoTF7Yw==",
        "dependencies": {
          "Microsoft.Extensions.Configuration.Abstractions": "10.0.9",
          "Microsoft.Extensions.Configuration.Binder": "10.0.9",
          "Microsoft.Extensions.DependencyInjection.Abstractions": "10.0.9",
          "Microsoft.Extensions.Options": "10.0.9",
          "Microsoft.Extensions.Primitives": "10.0.9"
        }
      },
      "Microsoft.Extensions.Primitives": {
        "type": "Transitive",
        "resolved": "10.0.9",
        "contentHash": "fmEbAUFsaIKirgLt/lYhuFRBwhcSJN31jjHgCdbQxJiWOum6EdLjkbgGuukSP9z/a+9LibaxII/kF+GwOXgC4g=="
      },
      "Microsoft.NETCore.Platforms": {
        "type": "Transitive",
        "resolved": "2.0.0",
        "contentHash": "VdLJOCXhZaEMY7Hm2GKiULmn7IEPFE4XC5LPSfBVCUIA8YLZVh846gtfBJalsPQF2PlzdD7ecX7DZEulJ402ZQ=="
      },
      "OpenTelemetry": {
        "type": "Transitive",
        "resolved": "1.15.3",
        "contentHash": "N0i6WjPoHPbZyms1ugbDIFAJFuGlpeExJMU/+XSL0lQRUkg/D0utFkDoLXf8Z1km5B+xVZ2GyMXXiX8qdeNmPg==",
        "dependencies": {
          "Microsoft.Extensions.Diagnostics.Abstractions": "8.0.0",
          "Microsoft.Extensions.Logging.Configuration": "8.0.0",
          "OpenTelemetry.Api.ProviderBuilderExtensions": "1.15.3"
        }
      },
      "OpenTelemetry.Api": {
        "type": "Transitive",
        "resolved": "1.15.3",
        "contentHash": "fX+fkCysfPut+qCcT3bKqyX4QN9Saf4CgX8HLOHywEVD+Xr7sULtfuypITpoDysjx8R59dn/3mWhgimMH8cm/g==",
        "dependencies": {
          "System.Diagnostics.DiagnosticSource": "10.0.0"
        }
      },
      "OpenTelemetry.Api.ProviderBuilderExtensions": {
        "type": "Transitive",
        "resolved": "1.15.3",
        "contentHash": "SYn0lqYDwLMWhv/zlNGsQcl2yX++yTumanX46bmOZE/ZDOd1WjPBO2kZaZgKLEZTZk48pavIFGJ6vOvxXgWVFQ==",
        "dependencies": {
          "Microsoft.Extensions.DependencyInjection.Abstractions": "8.0.0",
          "OpenTelemetry.Api": "1.15.3"
        }
      },
      "OpenTelemetry.Extensions.Hosting": {
        "type": "Transitive",
        "resolved": "1.15.3",
        "contentHash": "u8n/W8yIlqv0BXZmvId1iVaeWXG42tGKdTkuLYg5g57Y/r9CeUNzqtrSHNdG5IoO8iPX79w3v+WsbAHgUQbfeg==",
        "dependencies": {
          "Microsoft.Extensions.Hosting.Abstractions": "8.0.0",
          "OpenTelemetry": "1.15.3"
        }
      },
      "Pastel": {
        "type": "Transitive",
        "resolved": "7.0.1",
        "contentHash": "qLANIt80UgHVjEWtDJBpqunbhfqUVcSrY8SaZcJpfFDq3ZzzQntsNyWyizb9UoNHqvK/wRgENdI163CymyEbmQ=="
      },
      "Scrutor": {
        "type": "Transitive",
        "resolved": "7.0.0",
        "contentHash": "wHWaroody48jnlLoq/REwUltIFLxplXyHTP+sttrc8P7+jkiVqf38afDidJNv4qgD/6zz2NKOYg06xLZ1bG7wQ==",
        "dependencies": {
          "Microsoft.Extensions.DependencyInjection.Abstractions": "10.0.0",
          "Microsoft.Extensions.DependencyModel": "10.0.0"
        }
      },
      "System.Configuration.ConfigurationManager": {
        "type": "Transitive",
        "resolved": "4.5.0",
        "contentHash": "UIFvaFfuKhLr9u5tWMxmVoDPkFeD+Qv8gUuap4aZgVGYSYMdERck4OhLN/2gulAc0nYTEigWXSJNNWshrmxnng==",
        "dependencies": {
          "System.Security.Cryptography.ProtectedData": "4.5.0",
          "System.Security.Permissions": "4.5.0"
        }
      },
      "System.Diagnostics.DiagnosticSource": {
        "type": "Transitive",
        "resolved": "10.0.9",
        "contentHash": "VzIU41Sb23Em98hDQc71LPwKTC72xkiG7lpCZaIkf84jBJW+ViaKPa24qqR4FPmj1N4vDWilzs6Dq5Om8aFj+Q=="
      },
      "System.IO.Pipelines": {
        "type": "Transitive",
        "resolved": "10.0.9",
        "contentHash": "raEAXJHu1ERuQnLhfaMUhK19A+i/CLHH5tFWi+azKxq2O4kzgvdeNuZTzMzyT7pyM1+zE2Pqb2g/DXJsuPp/LQ=="
      },
      "System.Security.AccessControl": {
        "type": "Transitive",
        "resolved": "4.5.0",
        "contentHash": "vW8Eoq0TMyz5vAG/6ce483x/CP83fgm4SJe5P8Tb1tZaobcvPrbMEL7rhH1DRdrYbbb6F0vq3OlzmK0Pkwks5A==",
        "dependencies": {
          "Microsoft.NETCore.Platforms": "2.0.0",
          "System.Security.Principal.Windows": "4.5.0"
        }
      },
      "System.Security.Cryptography.ProtectedData": {
        "type": "Transitive",
        "resolved": "4.5.0",
        "contentHash": "wLBKzFnDCxP12VL9ANydSYhk59fC4cvOr9ypYQLPnAj48NQIhqnjdD2yhP8yEKyBJEjERWS9DisKL7rX5eU25Q=="
      },
      "System.Security.Permissions": {
        "type": "Transitive",
        "resolved": "4.5.0",
        "contentHash": "9gdyuARhUR7H+p5CjyUB/zPk7/Xut3wUSP8NJQB6iZr8L3XUXTMdoLeVAg9N4rqF8oIpE7MpdqHdDHQ7XgJe0g==",
        "dependencies": {
          "System.Security.AccessControl": "4.5.0"
        }
      },
      "System.Security.Principal.Windows": {
        "type": "Transitive",
        "resolved": "4.5.0",
        "contentHash": "U77HfRXlZlOeIXd//Yoj6Jnk8AXlbeisf1oq1os+hxOGVnuG+lGSfGqTwTZBoORFF6j/0q7HXIl8cqwQ9aUGqQ==",
        "dependencies": {
          "Microsoft.NETCore.Platforms": "2.0.0"
        }
      },
      "System.Text.Encodings.Web": {
        "type": "Transitive",
        "resolved": "10.0.9",
        "contentHash": "65bbI+LWcVgq1mzPtv6bJF+ZXeeIawld/puK9ixD1l3gJGM2IU4gkYbZoKLVjsXJXbrZqSRf86RlKf1TcCTY1Q=="
      },
      "System.Text.Json": {
        "type": "Transitive",
        "resolved": "10.0.9",
        "contentHash": "mD4f7hUvjXEbLAnROibQswbYguGnfzN17gtkuqAHU1a0gJsqe7LXtV+0tItJsYrCBBpPYHiHFlLtjzG2ZEt5uQ==",
        "dependencies": {
          "System.IO.Pipelines": "10.0.9",
          "System.Text.Encodings.Web": "10.0.9"
        }
      },
      "diginsight.aspnetcore": {
        "type": "Project",
        "dependencies": {
          "Diginsight.Core": "[1.0.0, )",
          "Scrutor": "[7.*, )"
        }
      },
      "diginsight.core": {
        "type": "Project",
        "dependencies": {
          "Diginsight.Polyfills": "[1.0.0, )",
          "Microsoft.Extensions.Configuration": "[10.*, )",
          "Microsoft.Extensions.Configuration.Binder": "[10.*, )",
          "Microsoft.Extensions.DependencyInjection.Abstractions": "[10.*, )",
          "Microsoft.Extensions.Hosting.Abstractions": "[10.*, )",
          "Microsoft.Extensions.Logging": "[10.*, )",
          "Scrutor": "[7.*, )",
          "System.Text.Json": "[10.*, )"
        }
      },
      "diginsight.diagnostics": {
        "type": "Project",
        "dependencies": {
          "Diginsight.Stringify": "[1.0.0, )",
          "Microsoft.Extensions.Diagnostics": "[10.*, )",
          "Microsoft.Extensions.Logging.Console": "[10.*, )",
          "Pastel": "[7.*, )"
        }
      },
      "diginsight.diagnostics.aspnetcore": {
        "type": "Project",
        "dependencies": {
          "Diginsight.AspNetCore": "[1.0.0, )",
          "Diginsight.Diagnostics": "[1.0.0, )",
          "Microsoft.Extensions.Caching.Memory": "[10.*, )"
        }
      },
      "diginsight.diagnostics.aspnetcore.opentelemetry": {
        "type": "Project",
        "dependencies": {
          "Diginsight.Diagnostics.AspNetCore": "[1.0.0, )",
          "Diginsight.Diagnostics.OpenTelemetry": "[1.0.0, )",
          "Microsoft.Extensions.Caching.Memory": "[10.*, )"
        }
      },
      "diginsight.diagnostics.log4net": {
        "type": "Project",
        "dependencies": {
          "Diginsight.Diagnostics": "[1.0.0, )",
          "Microsoft.Extensions.Logging.Log4Net.AspNetCore": "[10.*, )"
        }
      },
      "diginsight.diagnostics.opentelemetry": {
        "type": "Project",
        "dependencies": {
          "Diginsight.Diagnostics": "[1.0.0, )",
          "OpenTelemetry.Extensions.Hosting": "[1.15.*, )"
        }
      },
      "diginsight.polyfills": {
        "type": "Project"
      },
      "diginsight.stringify": {
        "type": "Project",
        "dependencies": {
          "Diginsight.Core": "[1.0.0, )",
          "Microsoft.Extensions.Caching.Memory": "[10.*, )"
        }
      }
    }
  }
}