{
  "version": 1,
  "dependencies": {
    ".NETFramework,Version=v4.8.1": {
      "Microsoft.AspNet.WebApi.OwinSelfHost": {
        "type": "Direct",
        "requested": "[5.3.0, )",
        "resolved": "5.3.0",
        "contentHash": "a/3+IJGF3N1LYF6A9esGq4xR7SIl+fpLvcgC0PrQuTtl5k1W4FLtC/qOGLi6n46QgaKf18jsm0sknImRkyuZgg==",
        "dependencies": {
          "Microsoft.AspNet.WebApi.Owin": "5.3.0",
          "Microsoft.Owin.Host.HttpListener": "4.2.2",
          "Microsoft.Owin.Hosting": "4.2.2"
        }
      },
      "Microsoft.AspNet.WebApi.Client": {
        "type": "Transitive",
        "resolved": "6.0.0",
        "contentHash": "zXeWP03dTo67AoDHUzR+/urck0KFssdCKOC+dq7Nv1V2YbFh/nIg09L0/3wSvyRONEdwxGB/ssEGmPNIIhAcAw==",
        "dependencies": {
          "Newtonsoft.Json": "13.0.1",
          "Newtonsoft.Json.Bson": "1.0.2",
          "System.Memory": "4.5.5",
          "System.Threading.Tasks.Extensions": "4.5.4"
        }
      },
      "Microsoft.AspNet.WebApi.Core": {
        "type": "Transitive",
        "resolved": "5.3.0",
        "contentHash": "h0oLsUFPgoB1R+6ichy1bniAs4oC6w6XrPsEgn+LuQBxBGskN0djSOSX7hzL8LTFEZUTdsh/3ShjRu1Mb2QRfw==",
        "dependencies": {
          "Microsoft.AspNet.WebApi.Client": "6.0.0"
        }
      },
      "Microsoft.AspNet.WebApi.Owin": {
        "type": "Transitive",
        "resolved": "5.3.0",
        "contentHash": "goLNSAd5Vzp6nKlCueU9IeV4HbqCYYhl2qjAPNJcvyoK1W3uq3AQeebRuFZeQ5zJG9+ACG5jCpOhEu98gw79hg==",
        "dependencies": {
          "Microsoft.AspNet.WebApi.Core": "5.3.0",
          "Microsoft.Owin": "4.2.2",
          "Owin": "1.0.0"
        }
      },
      "Microsoft.Owin": {
        "type": "Transitive",
        "resolved": "4.2.2",
        "contentHash": "jt410l/8dvCIguRdU7dupYdm4kGLepVdD8EOTKU4nYZcLRrn6kQYqI6pbJOTJp7Vlm/T2WUF5bzyKK2z29xtjg==",
        "dependencies": {
          "Owin": "1.0.0"
        }
      },
      "Microsoft.Owin.Host.HttpListener": {
        "type": "Transitive",
        "resolved": "4.2.2",
        "contentHash": "Kl1A0sBzfMD3qvX6XcGU0FopN6POFFRpIEQnKIAbvsShadIG9/UxgDdHVlX/IzFHXwIHfY59Ae4RGDVKYNvIqQ==",
        "dependencies": {
          "Microsoft.Owin": "4.2.2",
          "Owin": "1.0.0"
        }
      },
      "Microsoft.Owin.Hosting": {
        "type": "Transitive",
        "resolved": "4.2.2",
        "contentHash": "KsupM0TNPUfLn1uHvQy22IX6VWE+wi7C2shseSnhO9JYFxgwWcsSmjxrRpw+xcD+4hA3O280tBxfZ6T+kJuhjg==",
        "dependencies": {
          "Microsoft.Owin": "4.2.2",
          "Owin": "1.0.0"
        }
      },
      "Newtonsoft.Json": {
        "type": "Transitive",
        "resolved": "13.0.1",
        "contentHash": "ppPFpBcvxdsfUonNcvITKqLl3bqxWbDCZIzDWHzjpdAHRFfZe0Dw9HmA0+za13IdyrgJwpkDTDA9fHaxOrt20A=="
      },
      "Newtonsoft.Json.Bson": {
        "type": "Transitive",
        "resolved": "1.0.2",
        "contentHash": "QYFyxhaABwmq3p/21VrZNYvCg3DaEoN/wUuw5nmfAf0X3HLjgupwhkEWdgfb9nvGAUIv3osmZoD3kKl4jxEmYQ==",
        "dependencies": {
          "Newtonsoft.Json": "12.0.1"
        }
      },
      "Owin": {
        "type": "Transitive",
        "resolved": "1.0.0",
        "contentHash": "OseTFniKmyp76mEzOBwIKGBRS5eMoYNkMKaMXOpxx9jv88+b6mh1rSaw43vjBOItNhaLFG3d0a20PfHyibH5sw=="
      },
      "System.Buffers": {
        "type": "Transitive",
        "resolved": "4.5.1",
        "contentHash": "Rw7ijyl1qqRS0YQD/WycNst8hUUMgrMH4FCn1nNm27M4VxchZ1js3fVjQaANHO5f3sN4isvP4a+Met9Y4YomAg=="
      },
      "System.Memory": {
        "type": "Transitive",
        "resolved": "4.5.5",
        "contentHash": "XIWiDvKPXaTveaB7HVganDlOCRoj03l+jrwNvcge/t8vhGYKvqV+dMv6G4SAX2NoNmN0wZfVPTAlFwZcZvVOUw==",
        "dependencies": {
          "System.Buffers": "4.5.1",
          "System.Numerics.Vectors": "4.5.0",
          "System.Runtime.CompilerServices.Unsafe": "4.5.3"
        }
      },
      "System.Numerics.Vectors": {
        "type": "Transitive",
        "resolved": "4.5.0",
        "contentHash": "QQTlPTl06J/iiDbJCiepZ4H//BVraReU4O4EoRw1U02H5TLUIT7xn3GnDp9AXPSlJUDyFs4uWjWafNX6WrAojQ=="
      },
      "System.Runtime.CompilerServices.Unsafe": {
        "type": "Transitive",
        "resolved": "4.5.3",
        "contentHash": "3TIsJhD1EiiT0w2CcDMN/iSSwnNnsrnbzeVHSKkaEgV85txMprmuO+Yq2AdSbeVGcg28pdNDTPK87tJhX7VFHw=="
      },
      "System.Threading.Tasks.Extensions": {
        "type": "Transitive",
        "resolved": "4.5.4",
        "contentHash": "zteT+G8xuGu6mS+mzDzYXbzS7rd3K6Fjb9RiZlYlJPam2/hU7JCBZBVEcywNuR+oZ1ncTvc/cq0faRr3P01OVg==",
        "dependencies": {
          "System.Runtime.CompilerServices.Unsafe": "4.5.3"
        }
      }
    }
  }
}