
Microsoft Visual Studio Solution File, Format Version 12.00
# Visual Studio Version 17
VisualStudioVersion = 17.12.35707.178
MinimumVisualStudioVersion = 10.0.40219.1
Project("{2150E333-8FDC-42A3-9474-1A3956D46DE8}") = "00. Console", "00. Console", "{D0EEB045-45AF-4559-8A59-E8290B4968D6}"
EndProject
Project("{2150E333-8FDC-42A3-9474-1A3956D46DE8}") = "00. Linqpad", "00. Linqpad", "{2975859E-12F9-471B-8971-4B96FC6CD4FB}"
EndProject
Project("{2150E333-8FDC-42A3-9474-1A3956D46DE8}") = "01. Wpf", "01. Wpf", "{42B8DC5F-D930-4A8D-864D-4540058CFB32}"
EndProject
Project("{2150E333-8FDC-42A3-9474-1A3956D46DE8}") = "02. WebApi", "02. WebApi", "{CE3838CD-C40E-4910-ACD7-E6882D425392}"
EndProject
Project("{2150E333-8FDC-42A3-9474-1A3956D46DE8}") = "02.01 Aspnet", "02.01 Aspnet", "{915C7BE6-48DB-43B3-AFAE-FDE42E456384}"
EndProject
Project("{2150E333-8FDC-42A3-9474-1A3956D46DE8}") = "99. Other", "99. Other", "{FECD3340-AA0B-459C-B8C8-571732E2D717}"
EndProject
Project("{2150E333-8FDC-42A3-9474-1A3956D46DE8}") = "Solution Items", "Solution Items", "{FB6211AF-0232-46A3-8068-7285B29DDA8A}"
	ProjectSection(SolutionItems) = preProject
		Directory.Build.props = Directory.Build.props
		Directory.Build.targets = Directory.Build.targets
	EndProjectSection
EndProject
Project("{2150E333-8FDC-42A3-9474-1A3956D46DE8}") = "02.02 AspnetBlazor", "02.02 AspnetBlazor", "{76652F0B-495D-4A9F-BA66-3BE7283A4348}"
EndProject
Project("{FAE04EC0-301F-11D3-BF4B-00C04F79EFBC}") = "S01_00_SampleWebApplication", "02.01 Aspnet\SampleWebApplication\S01_00_SampleWebApplication.csproj", "{22F71AE3-A02A-4EDD-A287-CA6253AE7283}"
EndProject
Project("{FAE04EC0-301F-11D3-BF4B-00C04F79EFBC}") = "S01_01_SampleWebApplicationDocker", "02.01 Aspnet\SampleWebApplicationDocker\S01_01_SampleWebApplicationDocker.csproj", "{D0D97373-A2BD-40DE-B8D0-2ECC0F3498F0}"
EndProject
Project("{FAE04EC0-301F-11D3-BF4B-00C04F79EFBC}") = "C01_00_SampleWpfApp", "01. Wpf\C01_00_SampleWpfApp\C01_00_SampleWpfApp.csproj", "{8E433CA4-DCCE-AA4E-F05F-807E887C6297}"
EndProject
Project("{FAE04EC0-301F-11D3-BF4B-00C04F79EFBC}") = "C01_01_SampleWpfAppWithAppinsight", "01. Wpf\C01_01_SampleWpfAppWithAppinsight\C01_01_SampleWpfAppWithAppinsight.csproj", "{A8E439E0-C863-0214-76C6-754380B74253}"
EndProject
Project("{FAE04EC0-301F-11D3-BF4B-00C04F79EFBC}") = "C05_00_SampleWpfApp480", "01. Wpf\C05_00_SampleWpfApp480\C05_00_SampleWpfApp480.csproj", "{44F49D2F-DF4D-013C-16B1-D48AE5DD3631}"
EndProject
Project("{FAE04EC0-301F-11D3-BF4B-00C04F79EFBC}") = "C01_00_SampleConsoleApp", "00. Console\C01_00_SampleConsoleApp\C01_00_SampleConsoleApp.csproj", "{476AA19F-CF6D-4A37-5E73-861105323A7D}"
EndProject
Project("{FAE04EC0-301F-11D3-BF4B-00C04F79EFBC}") = "C01_01_SampleConsoleAppTopLevelStatements", "00. Console\C01_01_SampleConsoleAppTopLevelStatements\C01_01_SampleConsoleAppTopLevelStatements.csproj", "{2B85F069-70E9-4001-8158-A3303660597E}"
EndProject
Project("{FAE04EC0-301F-11D3-BF4B-00C04F79EFBC}") = "C01_02_SampleCoconaApp", "00. Console\C01_02_SampleCoconaApp\C01_02_SampleCoconaApp.csproj", "{2BA249AE-5B96-3E08-D850-BA361C2CA55C}"
EndProject
Project("{FAE04EC0-301F-11D3-BF4B-00C04F79EFBC}") = "S01_00_SampleWebAPI", "02. WebApi\S01_00_SampleWebAPI\S01_00_SampleWebAPI.csproj", "{873C5AFE-AC0D-38FF-6435-4C1B8B9D0296}"
EndProject
Project("{FAE04EC0-301F-11D3-BF4B-00C04F79EFBC}") = "S01_01_SampleWebAPIWithStartupSequence", "02. WebApi\S01_01_SampleWebAPIWithStartupSequence\S01_01_SampleWebAPIWithStartupSequence.csproj", "{70A2098D-1FEC-5022-C7FB-0D03D82A4B30}"
EndProject
Project("{FAE04EC0-301F-11D3-BF4B-00C04F79EFBC}") = "S01_02_SampleWebAPIWithOpentelemetry", "02. WebApi\S01_02_SampleWebAPIWithOpentelemetry\S01_02_SampleWebAPIWithOpentelemetry.csproj", "{6B32890F-5485-9E96-02DE-7AD8FA51AFE3}"
EndProject
Project("{FAE04EC0-301F-11D3-BF4B-00C04F79EFBC}") = "S02_00_SampleWebAPIDocker", "02. WebApi\S02_00_SampleWebAPIDocker\S02_00_SampleWebAPIDocker.csproj", "{6FB44E86-2F54-6988-085F-39D0D0691667}"
EndProject
Project("{FAE04EC0-301F-11D3-BF4B-00C04F79EFBC}") = "S02_01_SampleWebHostWebAPI", "02. WebApi\S02_01_SampleWebHostWebAPI\S02_01_SampleWebHostWebAPI.csproj", "{C56905EA-4526-2C26-6F65-6C85533E4465}"
EndProject
Project("{FAE04EC0-301F-11D3-BF4B-00C04F79EFBC}") = "S05_00_SampleWebAPI480", "02. WebApi\S05_00_SampleWebAPI480\S05_00_SampleWebAPI480.csproj", "{A08F7AE3-504F-1A8D-ACA6-C421A4C172F9}"
EndProject
Project("{FAE04EC0-301F-11D3-BF4B-00C04F79EFBC}") = "C10_00_SampleWpfApp481", "01. Wpf\C10_00_SampleWpfApp481\C10_00_SampleWpfApp481.csproj", "{BA2FEAB2-7F10-4A1A-B467-CF931211980F}"
EndProject
Project("{FAE04EC0-301F-11D3-BF4B-00C04F79EFBC}") = "C10_01_SampleWpfApp481SdkProject", "01. Wpf\C10_01_SampleWpfApp481SdkProject\C10_01_SampleWpfApp481SdkProject.csproj", "{26E61149-4689-4EE7-BAA1-C847F338F078}"
EndProject
Project("{FAE04EC0-301F-11D3-BF4B-00C04F79EFBC}") = "S10_00_AspnetWebApi480SdkProject", "02. WebApi\S10_00_AspnetWebApi480SdkProject\S10_00_AspnetWebApi480SdkProject.csproj", "{DA80D522-C2AB-4E27-8D5D-46DFA96B6254}"
EndProject
Project("{FAE04EC0-301F-11D3-BF4B-00C04F79EFBC}") = "S10_00_AspnetWebApi480", "02. WebApi\S10_00_AspnetWebApi480\S10_00_AspnetWebApi480.csproj", "{787D08AF-7111-4E63-A8A8-8321E05D03F1}"
EndProject
Global
	GlobalSection(SolutionConfigurationPlatforms) = preSolution
		Debug|Any CPU = Debug|Any CPU
		Release|Any CPU = Release|Any CPU
	EndGlobalSection
	GlobalSection(ProjectConfigurationPlatforms) = postSolution
		{22F71AE3-A02A-4EDD-A287-CA6253AE7283}.Debug|Any CPU.ActiveCfg = Debug|Any CPU
		{22F71AE3-A02A-4EDD-A287-CA6253AE7283}.Debug|Any CPU.Build.0 = Debug|Any CPU
		{22F71AE3-A02A-4EDD-A287-CA6253AE7283}.Release|Any CPU.ActiveCfg = Release|Any CPU
		{22F71AE3-A02A-4EDD-A287-CA6253AE7283}.Release|Any CPU.Build.0 = Release|Any CPU
		{D0D97373-A2BD-40DE-B8D0-2ECC0F3498F0}.Debug|Any CPU.ActiveCfg = Debug|Any CPU
		{D0D97373-A2BD-40DE-B8D0-2ECC0F3498F0}.Debug|Any CPU.Build.0 = Debug|Any CPU
		{D0D97373-A2BD-40DE-B8D0-2ECC0F3498F0}.Release|Any CPU.ActiveCfg = Release|Any CPU
		{D0D97373-A2BD-40DE-B8D0-2ECC0F3498F0}.Release|Any CPU.Build.0 = Release|Any CPU
		{8E433CA4-DCCE-AA4E-F05F-807E887C6297}.Debug|Any CPU.ActiveCfg = Debug|Any CPU
		{8E433CA4-DCCE-AA4E-F05F-807E887C6297}.Debug|Any CPU.Build.0 = Debug|Any CPU
		{8E433CA4-DCCE-AA4E-F05F-807E887C6297}.Release|Any CPU.ActiveCfg = Release|Any CPU
		{8E433CA4-DCCE-AA4E-F05F-807E887C6297}.Release|Any CPU.Build.0 = Release|Any CPU
		{A8E439E0-C863-0214-76C6-754380B74253}.Debug|Any CPU.ActiveCfg = Debug|Any CPU
		{A8E439E0-C863-0214-76C6-754380B74253}.Debug|Any CPU.Build.0 = Debug|Any CPU
		{A8E439E0-C863-0214-76C6-754380B74253}.Release|Any CPU.ActiveCfg = Release|Any CPU
		{A8E439E0-C863-0214-76C6-754380B74253}.Release|Any CPU.Build.0 = Release|Any CPU
		{44F49D2F-DF4D-013C-16B1-D48AE5DD3631}.Debug|Any CPU.ActiveCfg = Debug|Any CPU
		{44F49D2F-DF4D-013C-16B1-D48AE5DD3631}.Debug|Any CPU.Build.0 = Debug|Any CPU
		{44F49D2F-DF4D-013C-16B1-D48AE5DD3631}.Release|Any CPU.ActiveCfg = Release|Any CPU
		{44F49D2F-DF4D-013C-16B1-D48AE5DD3631}.Release|Any CPU.Build.0 = Release|Any CPU
		{476AA19F-CF6D-4A37-5E73-861105323A7D}.Debug|Any CPU.ActiveCfg = Debug|Any CPU
		{476AA19F-CF6D-4A37-5E73-861105323A7D}.Debug|Any CPU.Build.0 = Debug|Any CPU
		{476AA19F-CF6D-4A37-5E73-861105323A7D}.Release|Any CPU.ActiveCfg = Release|Any CPU
		{476AA19F-CF6D-4A37-5E73-861105323A7D}.Release|Any CPU.Build.0 = Release|Any CPU
		{2B85F069-70E9-4001-8158-A3303660597E}.Debug|Any CPU.ActiveCfg = Debug|Any CPU
		{2B85F069-70E9-4001-8158-A3303660597E}.Debug|Any CPU.Build.0 = Debug|Any CPU
		{2B85F069-70E9-4001-8158-A3303660597E}.Release|Any CPU.ActiveCfg = Release|Any CPU
		{2B85F069-70E9-4001-8158-A3303660597E}.Release|Any CPU.Build.0 = Release|Any CPU
		{2BA249AE-5B96-3E08-D850-BA361C2CA55C}.Debug|Any CPU.ActiveCfg = Debug|Any CPU
		{2BA249AE-5B96-3E08-D850-BA361C2CA55C}.Debug|Any CPU.Build.0 = Debug|Any CPU
		{2BA249AE-5B96-3E08-D850-BA361C2CA55C}.Release|Any CPU.ActiveCfg = Release|Any CPU
		{2BA249AE-5B96-3E08-D850-BA361C2CA55C}.Release|Any CPU.Build.0 = Release|Any CPU
		{873C5AFE-AC0D-38FF-6435-4C1B8B9D0296}.Debug|Any CPU.ActiveCfg = Debug|Any CPU
		{873C5AFE-AC0D-38FF-6435-4C1B8B9D0296}.Debug|Any CPU.Build.0 = Debug|Any CPU
		{873C5AFE-AC0D-38FF-6435-4C1B8B9D0296}.Release|Any CPU.ActiveCfg = Release|Any CPU
		{873C5AFE-AC0D-38FF-6435-4C1B8B9D0296}.Release|Any CPU.Build.0 = Release|Any CPU
		{70A2098D-1FEC-5022-C7FB-0D03D82A4B30}.Debug|Any CPU.ActiveCfg = Debug|Any CPU
		{70A2098D-1FEC-5022-C7FB-0D03D82A4B30}.Debug|Any CPU.Build.0 = Debug|Any CPU
		{70A2098D-1FEC-5022-C7FB-0D03D82A4B30}.Release|Any CPU.ActiveCfg = Release|Any CPU
		{70A2098D-1FEC-5022-C7FB-0D03D82A4B30}.Release|Any CPU.Build.0 = Release|Any CPU
		{6B32890F-5485-9E96-02DE-7AD8FA51AFE3}.Debug|Any CPU.ActiveCfg = Debug|Any CPU
		{6B32890F-5485-9E96-02DE-7AD8FA51AFE3}.Debug|Any CPU.Build.0 = Debug|Any CPU
		{6B32890F-5485-9E96-02DE-7AD8FA51AFE3}.Release|Any CPU.ActiveCfg = Release|Any CPU
		{6B32890F-5485-9E96-02DE-7AD8FA51AFE3}.Release|Any CPU.Build.0 = Release|Any CPU
		{6FB44E86-2F54-6988-085F-39D0D0691667}.Debug|Any CPU.ActiveCfg = Debug|Any CPU
		{6FB44E86-2F54-6988-085F-39D0D0691667}.Debug|Any CPU.Build.0 = Debug|Any CPU
		{6FB44E86-2F54-6988-085F-39D0D0691667}.Release|Any CPU.ActiveCfg = Release|Any CPU
		{6FB44E86-2F54-6988-085F-39D0D0691667}.Release|Any CPU.Build.0 = Release|Any CPU
		{C56905EA-4526-2C26-6F65-6C85533E4465}.Debug|Any CPU.ActiveCfg = Debug|Any CPU
		{C56905EA-4526-2C26-6F65-6C85533E4465}.Debug|Any CPU.Build.0 = Debug|Any CPU
		{C56905EA-4526-2C26-6F65-6C85533E4465}.Release|Any CPU.ActiveCfg = Release|Any CPU
		{C56905EA-4526-2C26-6F65-6C85533E4465}.Release|Any CPU.Build.0 = Release|Any CPU
		{A08F7AE3-504F-1A8D-ACA6-C421A4C172F9}.Debug|Any CPU.ActiveCfg = Debug|Any CPU
		{A08F7AE3-504F-1A8D-ACA6-C421A4C172F9}.Debug|Any CPU.Build.0 = Debug|Any CPU
		{A08F7AE3-504F-1A8D-ACA6-C421A4C172F9}.Release|Any CPU.ActiveCfg = Release|Any CPU
		{A08F7AE3-504F-1A8D-ACA6-C421A4C172F9}.Release|Any CPU.Build.0 = Release|Any CPU
		{BA2FEAB2-7F10-4A1A-B467-CF931211980F}.Debug|Any CPU.ActiveCfg = Debug|Any CPU
		{BA2FEAB2-7F10-4A1A-B467-CF931211980F}.Debug|Any CPU.Build.0 = Debug|Any CPU
		{BA2FEAB2-7F10-4A1A-B467-CF931211980F}.Release|Any CPU.ActiveCfg = Release|Any CPU
		{BA2FEAB2-7F10-4A1A-B467-CF931211980F}.Release|Any CPU.Build.0 = Release|Any CPU
		{26E61149-4689-4EE7-BAA1-C847F338F078}.Debug|Any CPU.ActiveCfg = Debug|Any CPU
		{26E61149-4689-4EE7-BAA1-C847F338F078}.Debug|Any CPU.Build.0 = Debug|Any CPU
		{26E61149-4689-4EE7-BAA1-C847F338F078}.Release|Any CPU.ActiveCfg = Release|Any CPU
		{26E61149-4689-4EE7-BAA1-C847F338F078}.Release|Any CPU.Build.0 = Release|Any CPU
		{DA80D522-C2AB-4E27-8D5D-46DFA96B6254}.Debug|Any CPU.ActiveCfg = Debug|Any CPU
		{DA80D522-C2AB-4E27-8D5D-46DFA96B6254}.Debug|Any CPU.Build.0 = Debug|Any CPU
		{DA80D522-C2AB-4E27-8D5D-46DFA96B6254}.Release|Any CPU.ActiveCfg = Release|Any CPU
		{DA80D522-C2AB-4E27-8D5D-46DFA96B6254}.Release|Any CPU.Build.0 = Release|Any CPU
		{787D08AF-7111-4E63-A8A8-8321E05D03F1}.Debug|Any CPU.ActiveCfg = Debug|Any CPU
		{787D08AF-7111-4E63-A8A8-8321E05D03F1}.Debug|Any CPU.Build.0 = Debug|Any CPU
		{787D08AF-7111-4E63-A8A8-8321E05D03F1}.Release|Any CPU.ActiveCfg = Release|Any CPU
		{787D08AF-7111-4E63-A8A8-8321E05D03F1}.Release|Any CPU.Build.0 = Release|Any CPU
	EndGlobalSection
	GlobalSection(SolutionProperties) = preSolution
		HideSolutionNode = FALSE
	EndGlobalSection
	GlobalSection(NestedProjects) = preSolution
		{22F71AE3-A02A-4EDD-A287-CA6253AE7283} = {915C7BE6-48DB-43B3-AFAE-FDE42E456384}
		{D0D97373-A2BD-40DE-B8D0-2ECC0F3498F0} = {915C7BE6-48DB-43B3-AFAE-FDE42E456384}
		{8E433CA4-DCCE-AA4E-F05F-807E887C6297} = {42B8DC5F-D930-4A8D-864D-4540058CFB32}
		{A8E439E0-C863-0214-76C6-754380B74253} = {42B8DC5F-D930-4A8D-864D-4540058CFB32}
		{44F49D2F-DF4D-013C-16B1-D48AE5DD3631} = {42B8DC5F-D930-4A8D-864D-4540058CFB32}
		{476AA19F-CF6D-4A37-5E73-861105323A7D} = {D0EEB045-45AF-4559-8A59-E8290B4968D6}
		{2B85F069-70E9-4001-8158-A3303660597E} = {D0EEB045-45AF-4559-8A59-E8290B4968D6}
		{2BA249AE-5B96-3E08-D850-BA361C2CA55C} = {D0EEB045-45AF-4559-8A59-E8290B4968D6}
		{873C5AFE-AC0D-38FF-6435-4C1B8B9D0296} = {CE3838CD-C40E-4910-ACD7-E6882D425392}
		{70A2098D-1FEC-5022-C7FB-0D03D82A4B30} = {CE3838CD-C40E-4910-ACD7-E6882D425392}
		{6B32890F-5485-9E96-02DE-7AD8FA51AFE3} = {CE3838CD-C40E-4910-ACD7-E6882D425392}
		{6FB44E86-2F54-6988-085F-39D0D0691667} = {CE3838CD-C40E-4910-ACD7-E6882D425392}
		{C56905EA-4526-2C26-6F65-6C85533E4465} = {CE3838CD-C40E-4910-ACD7-E6882D425392}
		{A08F7AE3-504F-1A8D-ACA6-C421A4C172F9} = {CE3838CD-C40E-4910-ACD7-E6882D425392}
		{BA2FEAB2-7F10-4A1A-B467-CF931211980F} = {42B8DC5F-D930-4A8D-864D-4540058CFB32}
		{26E61149-4689-4EE7-BAA1-C847F338F078} = {42B8DC5F-D930-4A8D-864D-4540058CFB32}
		{DA80D522-C2AB-4E27-8D5D-46DFA96B6254} = {CE3838CD-C40E-4910-ACD7-E6882D425392}
		{787D08AF-7111-4E63-A8A8-8321E05D03F1} = {CE3838CD-C40E-4910-ACD7-E6882D425392}
	EndGlobalSection
	GlobalSection(ExtensibilityGlobals) = postSolution
		SolutionGuid = {69EAF912-FF6D-49B9-8B91-BBCFFDDAC2FD}
	EndGlobalSection
EndGlobal
