
Microsoft Visual Studio Solution File, Format Version 12.00
# Visual Studio Version 17
VisualStudioVersion = 17.12.35707.178
MinimumVisualStudioVersion = 10.0.40219.1
Project("{2150E333-8FDC-42A3-9474-1A3956D46DE8}") = "00. Console", "00. Console", "{D0EEB045-45AF-4559-8A59-E8290B4968D6}"
EndProject
Project("{2150E333-8FDC-42A3-9474-1A3956D46DE8}") = "00. Linqpad", "00. Linqpad", "{2975859E-12F9-471B-8971-4B96FC6CD4FB}"
EndProject
Project("{2150E333-8FDC-42A3-9474-1A3956D46DE8}") = "01. Wpf", "01. Wpf", "{42B8DC5F-D930-4A8D-864D-4540058CFB32}"
EndProject
Project("{2150E333-8FDC-42A3-9474-1A3956D46DE8}") = "02. WebApi", "02. WebApi", "{CE3838CD-C40E-4910-ACD7-E6882D425392}"
EndProject
Project("{2150E333-8FDC-42A3-9474-1A3956D46DE8}") = "02.01 Aspnet", "02.01 Aspnet", "{915C7BE6-48DB-43B3-AFAE-FDE42E456384}"
EndProject
Project("{2150E333-8FDC-42A3-9474-1A3956D46DE8}") = "99. Other", "99. Other", "{FECD3340-AA0B-459C-B8C8-571732E2D717}"
EndProject
Project("{FAE04EC0-301F-11D3-BF4B-00C04F79EFBC}") = "SampleConsoleApp", "00. Console\SampleConsoleApp\SampleConsoleApp.csproj", "{B881C91F-57A3-4295-861D-35BCA48DA32A}"
EndProject
Project("{FAE04EC0-301F-11D3-BF4B-00C04F79EFBC}") = "SampleConsoleAppTopLevelStatements", "00. Console\SampleConsoleAppTopLevelStatements\SampleConsoleAppTopLevelStatements.csproj", "{42E0FA8F-74F8-4049-9F3E-FDFB25776A35}"
EndProject
Project("{FAE04EC0-301F-11D3-BF4B-00C04F79EFBC}") = "SampleCoconaApp", "00. Console\SampleCoconaApp\SampleCoconaApp.csproj", "{1DB2ED36-6E8B-42A1-877D-879FD05B6DBF}"
EndProject
Project("{FAE04EC0-301F-11D3-BF4B-00C04F79EFBC}") = "SampleWpfApp", "01. Wpf\SampleWpfApp\SampleWpfApp.csproj", "{ED9D27CD-54E1-40DC-9115-3E32903B67F2}"
EndProject
Project("{FAE04EC0-301F-11D3-BF4B-00C04F79EFBC}") = "SampleWpfApp480", "01. Wpf\SampleWpfApp480\SampleWpfApp480.csproj", "{681AD835-B93A-4FE1-93BD-E1E1DE02E4F5}"
EndProject
Project("{2150E333-8FDC-42A3-9474-1A3956D46DE8}") = "Solution Items", "Solution Items", "{FB6211AF-0232-46A3-8068-7285B29DDA8A}"
	ProjectSection(SolutionItems) = preProject
		Directory.Build.props = Directory.Build.props
		Directory.Build.targets = Directory.Build.targets
	EndProjectSection
EndProject
Project("{FAE04EC0-301F-11D3-BF4B-00C04F79EFBC}") = "SampleWebAPI", "02. WebApi\SampleWebAPI\SampleWebAPI.csproj", "{BBF9D5E6-98C9-4887-BC2E-CCFD78C9167C}"
EndProject
Project("{FAE04EC0-301F-11D3-BF4B-00C04F79EFBC}") = "SampleWebAPI480", "02. WebApi\SampleWebAPI480\SampleWebAPI480.csproj", "{86496E45-440C-449B-A4C7-E407D17B93F2}"
EndProject
Project("{2150E333-8FDC-42A3-9474-1A3956D46DE8}") = "02.02 AspnetBlazor", "02.02 AspnetBlazor", "{76652F0B-495D-4A9F-BA66-3BE7283A4348}"
EndProject
Project("{FAE04EC0-301F-11D3-BF4B-00C04F79EFBC}") = "SampleWebApplication", "02.01 Aspnet\SampleWebApplication\SampleWebApplication.csproj", "{22F71AE3-A02A-4EDD-A287-CA6253AE7283}"
EndProject
Project("{FAE04EC0-301F-11D3-BF4B-00C04F79EFBC}") = "SampleWebApplicationDocker", "02.01 Aspnet\SampleWebApplicationDocker\SampleWebApplicationDocker.csproj", "{D0D97373-A2BD-40DE-B8D0-2ECC0F3498F0}"
EndProject
Project("{FAE04EC0-301F-11D3-BF4B-00C04F79EFBC}") = "SampleWebHostWebAPI", "02. WebApi\SampleWebHostWebAPI\SampleWebHostWebAPI.csproj", "{96D82631-8DE9-4135-8EB3-82AD2EAC7985}"
EndProject
Project("{FAE04EC0-301F-11D3-BF4B-00C04F79EFBC}") = "SampleWebAPIDocker", "02. WebApi\SampleWebAPIDocker\SampleWebAPIDocker.csproj", "{30C9BE50-423B-4E7B-B2A2-5E7FF30CF8BF}"
EndProject
Global
	GlobalSection(SolutionConfigurationPlatforms) = preSolution
		Debug|Any CPU = Debug|Any CPU
		Release|Any CPU = Release|Any CPU
	EndGlobalSection
	GlobalSection(ProjectConfigurationPlatforms) = postSolution
		{B881C91F-57A3-4295-861D-35BCA48DA32A}.Debug|Any CPU.ActiveCfg = Debug|Any CPU
		{B881C91F-57A3-4295-861D-35BCA48DA32A}.Debug|Any CPU.Build.0 = Debug|Any CPU
		{B881C91F-57A3-4295-861D-35BCA48DA32A}.Release|Any CPU.ActiveCfg = Release|Any CPU
		{B881C91F-57A3-4295-861D-35BCA48DA32A}.Release|Any CPU.Build.0 = Release|Any CPU
		{42E0FA8F-74F8-4049-9F3E-FDFB25776A35}.Debug|Any CPU.ActiveCfg = Debug|Any CPU
		{42E0FA8F-74F8-4049-9F3E-FDFB25776A35}.Debug|Any CPU.Build.0 = Debug|Any CPU
		{42E0FA8F-74F8-4049-9F3E-FDFB25776A35}.Release|Any CPU.ActiveCfg = Release|Any CPU
		{42E0FA8F-74F8-4049-9F3E-FDFB25776A35}.Release|Any CPU.Build.0 = Release|Any CPU
		{1DB2ED36-6E8B-42A1-877D-879FD05B6DBF}.Debug|Any CPU.ActiveCfg = Debug|Any CPU
		{1DB2ED36-6E8B-42A1-877D-879FD05B6DBF}.Debug|Any CPU.Build.0 = Debug|Any CPU
		{1DB2ED36-6E8B-42A1-877D-879FD05B6DBF}.Release|Any CPU.ActiveCfg = Release|Any CPU
		{1DB2ED36-6E8B-42A1-877D-879FD05B6DBF}.Release|Any CPU.Build.0 = Release|Any CPU
		{ED9D27CD-54E1-40DC-9115-3E32903B67F2}.Debug|Any CPU.ActiveCfg = Debug|Any CPU
		{ED9D27CD-54E1-40DC-9115-3E32903B67F2}.Debug|Any CPU.Build.0 = Debug|Any CPU
		{ED9D27CD-54E1-40DC-9115-3E32903B67F2}.Release|Any CPU.ActiveCfg = Release|Any CPU
		{ED9D27CD-54E1-40DC-9115-3E32903B67F2}.Release|Any CPU.Build.0 = Release|Any CPU
		{681AD835-B93A-4FE1-93BD-E1E1DE02E4F5}.Debug|Any CPU.ActiveCfg = Debug|Any CPU
		{681AD835-B93A-4FE1-93BD-E1E1DE02E4F5}.Debug|Any CPU.Build.0 = Debug|Any CPU
		{681AD835-B93A-4FE1-93BD-E1E1DE02E4F5}.Release|Any CPU.ActiveCfg = Release|Any CPU
		{681AD835-B93A-4FE1-93BD-E1E1DE02E4F5}.Release|Any CPU.Build.0 = Release|Any CPU
		{BBF9D5E6-98C9-4887-BC2E-CCFD78C9167C}.Debug|Any CPU.ActiveCfg = Debug|Any CPU
		{BBF9D5E6-98C9-4887-BC2E-CCFD78C9167C}.Debug|Any CPU.Build.0 = Debug|Any CPU
		{BBF9D5E6-98C9-4887-BC2E-CCFD78C9167C}.Release|Any CPU.ActiveCfg = Release|Any CPU
		{BBF9D5E6-98C9-4887-BC2E-CCFD78C9167C}.Release|Any CPU.Build.0 = Release|Any CPU
		{86496E45-440C-449B-A4C7-E407D17B93F2}.Debug|Any CPU.ActiveCfg = Debug|Any CPU
		{86496E45-440C-449B-A4C7-E407D17B93F2}.Debug|Any CPU.Build.0 = Debug|Any CPU
		{86496E45-440C-449B-A4C7-E407D17B93F2}.Release|Any CPU.ActiveCfg = Release|Any CPU
		{86496E45-440C-449B-A4C7-E407D17B93F2}.Release|Any CPU.Build.0 = Release|Any CPU
		{22F71AE3-A02A-4EDD-A287-CA6253AE7283}.Debug|Any CPU.ActiveCfg = Debug|Any CPU
		{22F71AE3-A02A-4EDD-A287-CA6253AE7283}.Debug|Any CPU.Build.0 = Debug|Any CPU
		{22F71AE3-A02A-4EDD-A287-CA6253AE7283}.Release|Any CPU.ActiveCfg = Release|Any CPU
		{22F71AE3-A02A-4EDD-A287-CA6253AE7283}.Release|Any CPU.Build.0 = Release|Any CPU
		{D0D97373-A2BD-40DE-B8D0-2ECC0F3498F0}.Debug|Any CPU.ActiveCfg = Debug|Any CPU
		{D0D97373-A2BD-40DE-B8D0-2ECC0F3498F0}.Debug|Any CPU.Build.0 = Debug|Any CPU
		{D0D97373-A2BD-40DE-B8D0-2ECC0F3498F0}.Release|Any CPU.ActiveCfg = Release|Any CPU
		{D0D97373-A2BD-40DE-B8D0-2ECC0F3498F0}.Release|Any CPU.Build.0 = Release|Any CPU
		{96D82631-8DE9-4135-8EB3-82AD2EAC7985}.Debug|Any CPU.ActiveCfg = Debug|Any CPU
		{96D82631-8DE9-4135-8EB3-82AD2EAC7985}.Debug|Any CPU.Build.0 = Debug|Any CPU
		{96D82631-8DE9-4135-8EB3-82AD2EAC7985}.Release|Any CPU.ActiveCfg = Release|Any CPU
		{96D82631-8DE9-4135-8EB3-82AD2EAC7985}.Release|Any CPU.Build.0 = Release|Any CPU
		{30C9BE50-423B-4E7B-B2A2-5E7FF30CF8BF}.Debug|Any CPU.ActiveCfg = Debug|Any CPU
		{30C9BE50-423B-4E7B-B2A2-5E7FF30CF8BF}.Debug|Any CPU.Build.0 = Debug|Any CPU
		{30C9BE50-423B-4E7B-B2A2-5E7FF30CF8BF}.Release|Any CPU.ActiveCfg = Release|Any CPU
		{30C9BE50-423B-4E7B-B2A2-5E7FF30CF8BF}.Release|Any CPU.Build.0 = Release|Any CPU
	EndGlobalSection
	GlobalSection(SolutionProperties) = preSolution
		HideSolutionNode = FALSE
	EndGlobalSection
	GlobalSection(NestedProjects) = preSolution
		{B881C91F-57A3-4295-861D-35BCA48DA32A} = {D0EEB045-45AF-4559-8A59-E8290B4968D6}
		{42E0FA8F-74F8-4049-9F3E-FDFB25776A35} = {D0EEB045-45AF-4559-8A59-E8290B4968D6}
		{1DB2ED36-6E8B-42A1-877D-879FD05B6DBF} = {D0EEB045-45AF-4559-8A59-E8290B4968D6}
		{ED9D27CD-54E1-40DC-9115-3E32903B67F2} = {42B8DC5F-D930-4A8D-864D-4540058CFB32}
		{681AD835-B93A-4FE1-93BD-E1E1DE02E4F5} = {42B8DC5F-D930-4A8D-864D-4540058CFB32}
		{BBF9D5E6-98C9-4887-BC2E-CCFD78C9167C} = {CE3838CD-C40E-4910-ACD7-E6882D425392}
		{86496E45-440C-449B-A4C7-E407D17B93F2} = {CE3838CD-C40E-4910-ACD7-E6882D425392}
		{22F71AE3-A02A-4EDD-A287-CA6253AE7283} = {915C7BE6-48DB-43B3-AFAE-FDE42E456384}
		{D0D97373-A2BD-40DE-B8D0-2ECC0F3498F0} = {915C7BE6-48DB-43B3-AFAE-FDE42E456384}
		{96D82631-8DE9-4135-8EB3-82AD2EAC7985} = {CE3838CD-C40E-4910-ACD7-E6882D425392}
		{30C9BE50-423B-4E7B-B2A2-5E7FF30CF8BF} = {CE3838CD-C40E-4910-ACD7-E6882D425392}
	EndGlobalSection
EndGlobal
